
Microsoft Visual Studio Solution File, Format Version 12.00
# Visual Studio 14
VisualStudioVersion = 14.0.23107.0
MinimumVisualStudioVersion = 10.0.40219.1
Project("{FAE04EC0-301F-11D3-BF4B-00C04F79EFBC}") = "Blog", "Sources\Blog\Blog.csproj", "{61B9B561-D3CF-4073-ACA6-E830B56AD902}"
EndProject
Project("{00D1A9C2-B5F0-4AF3-8072-F6C62B433612}") = "BlogDatabase", "BlogDatabase\BlogDatabase.sqlproj", "{53B7E840-4A74-4477-B432-BA6EF184294F}"
EndProject
Project("{FAE04EC0-301F-11D3-BF4B-00C04F79EFBC}") = "Dal", "Dal\Dal.csproj", "{F077E0B1-8F84-4BCD-822C-818204F476CC}"
EndProject
Project("{FAE04EC0-301F-11D3-BF4B-00C04F79EFBC}") = "UnitTests", "UnitTests\UnitTests.csproj", "{C08B2406-0C90-4E07-A2BB-79F5610387F3}"
EndProject
Project("{FAE04EC0-301F-11D3-BF4B-00C04F79EFBC}") = "BlogWithAngular", "BlogWithAngular\BlogWithAngular.csproj", "{7A2A8D63-B447-467D-B580-78D8E0F991FC}"
EndProject
Global
	GlobalSection(SolutionConfigurationPlatforms) = preSolution
		Debug|Any CPU = Debug|Any CPU
		Release|Any CPU = Release|Any CPU
	EndGlobalSection
	GlobalSection(ProjectConfigurationPlatforms) = postSolution
		{61B9B561-D3CF-4073-ACA6-E830B56AD902}.Debug|Any CPU.ActiveCfg = Debug|Any CPU
		{61B9B561-D3CF-4073-ACA6-E830B56AD902}.Debug|Any CPU.Build.0 = Debug|Any CPU
		{61B9B561-D3CF-4073-ACA6-E830B56AD902}.Release|Any CPU.ActiveCfg = Release|Any CPU
		{61B9B561-D3CF-4073-ACA6-E830B56AD902}.Release|Any CPU.Build.0 = Release|Any CPU
		{53B7E840-4A74-4477-B432-BA6EF184294F}.Debug|Any CPU.ActiveCfg = Debug|Any CPU
		{53B7E840-4A74-4477-B432-BA6EF184294F}.Debug|Any CPU.Build.0 = Debug|Any CPU
		{53B7E840-4A74-4477-B432-BA6EF184294F}.Debug|Any CPU.Deploy.0 = Debug|Any CPU
		{53B7E840-4A74-4477-B432-BA6EF184294F}.Release|Any CPU.ActiveCfg = Release|Any CPU
		{53B7E840-4A74-4477-B432-BA6EF184294F}.Release|Any CPU.Build.0 = Release|Any CPU
		{53B7E840-4A74-4477-B432-BA6EF184294F}.Release|Any CPU.Deploy.0 = Release|Any CPU
		{F077E0B1-8F84-4BCD-822C-818204F476CC}.Debug|Any CPU.ActiveCfg = Debug|Any CPU
		{F077E0B1-8F84-4BCD-822C-818204F476CC}.Debug|Any CPU.Build.0 = Debug|Any CPU
		{F077E0B1-8F84-4BCD-822C-818204F476CC}.Release|Any CPU.ActiveCfg = Release|Any CPU
		{F077E0B1-8F84-4BCD-822C-818204F476CC}.Release|Any CPU.Build.0 = Release|Any CPU
		{C08B2406-0C90-4E07-A2BB-79F5610387F3}.Debug|Any CPU.ActiveCfg = Debug|Any CPU
		{C08B2406-0C90-4E07-A2BB-79F5610387F3}.Debug|Any CPU.Build.0 = Debug|Any CPU
		{C08B2406-0C90-4E07-A2BB-79F5610387F3}.Release|Any CPU.ActiveCfg = Release|Any CPU
		{C08B2406-0C90-4E07-A2BB-79F5610387F3}.Release|Any CPU.Build.0 = Release|Any CPU
		{7A2A8D63-B447-467D-B580-78D8E0F991FC}.Debug|Any CPU.ActiveCfg = Debug|Any CPU
		{7A2A8D63-B447-467D-B580-78D8E0F991FC}.Debug|Any CPU.Build.0 = Debug|Any CPU
		{7A2A8D63-B447-467D-B580-78D8E0F991FC}.Release|Any CPU.ActiveCfg = Release|Any CPU
		{7A2A8D63-B447-467D-B580-78D8E0F991FC}.Release|Any CPU.Build.0 = Release|Any CPU
	EndGlobalSection
	GlobalSection(SolutionProperties) = preSolution
		HideSolutionNode = FALSE
	EndGlobalSection
EndGlobal
